{
  "version": 4,
  "terraform_version": "1.2.8",
  "serial": 9,
  "lineage": "afd6f7b8-a049-e6d4-eea5-2a16dbe4db89",
  "outputs": {
    "PrivateIP": {
      "value": "172.31.94.111",
      "type": "string"
    },
    "PublicIP": {
      "value": "3.86.105.158",
      "type": "string"
    }
  },
  "resources": [
    {
      "mode": "managed",
      "type": "aws_instance",
      "name": "test4-teraform",
      "provider": "provider[\"registry.terraform.io/hashicorp/aws\"]",
      "instances": [
        {
          "schema_version": 1,
          "attributes": {
            "ami": "ami-05fa00d4c63e32376",
            "arn": "arn:aws:ec2:us-east-1:344894215568:instance/i-0d5a0634fa4265c98",
            "associate_public_ip_address": true,
            "availability_zone": "us-east-1a",
            "capacity_reservation_specification": [
              {
                "capacity_reservation_preference": "open",
                "capacity_reservation_target": []
              }
            ],
            "cpu_core_count": 1,
            "cpu_threads_per_core": 1,
            "credit_specification": [
              {
                "cpu_credits": "standard"
              }
            ],
            "disable_api_stop": false,
            "disable_api_termination": false,
            "ebs_block_device": [],
            "ebs_optimized": false,
            "enclave_options": [
              {
                "enabled": false
              }
            ],
            "ephemeral_block_device": [],
            "get_password_data": false,
            "hibernation": false,
            "host_id": null,
            "host_resource_group_arn": null,
            "iam_instance_profile": "",
            "id": "i-0d5a0634fa4265c98",
            "instance_initiated_shutdown_behavior": "stop",
            "instance_state": "running",
            "instance_type": "t2.micro",
            "ipv6_address_count": 0,
            "ipv6_addresses": [],
            "key_name": "terrakey",
            "launch_template": [],
            "maintenance_options": [
              {
                "auto_recovery": "default"
              }
            ],
            "metadata_options": [
              {
                "http_endpoint": "enabled",
                "http_put_response_hop_limit": 1,
                "http_tokens": "optional",
                "instance_metadata_tags": "disabled"
              }
            ],
            "monitoring": false,
            "network_interface": [],
            "outpost_arn": "",
            "password_data": "",
            "placement_group": "",
            "placement_partition_number": null,
            "primary_network_interface_id": "eni-00363052c4e939c25",
            "private_dns": "ip-172-31-94-111.ec2.internal",
            "private_dns_name_options": [
              {
                "enable_resource_name_dns_a_record": false,
                "enable_resource_name_dns_aaaa_record": false,
                "hostname_type": "ip-name"
              }
            ],
            "private_ip": "172.31.94.111",
            "public_dns": "ec2-3-86-105-158.compute-1.amazonaws.com",
            "public_ip": "3.86.105.158",
            "root_block_device": [
              {
                "delete_on_termination": true,
                "device_name": "/dev/xvda",
                "encrypted": false,
                "iops": 100,
                "kms_key_id": "",
                "tags": {},
                "throughput": 0,
                "volume_id": "vol-0080d8cc069ef8555",
                "volume_size": 8,
                "volume_type": "gp2"
              }
            ],
            "secondary_private_ips": [],
            "security_groups": [
              "terratest"
            ],
            "source_dest_check": true,
            "subnet_id": "subnet-0a5bb4f47384cf2e2",
            "tags": {
              "Name": "test3-teraform",
              "Project": "Terra"
            },
            "tags_all": {
              "Name": "test3-teraform",
              "Project": "Terra"
            },
            "tenancy": "default",
            "timeouts": null,
            "user_data": null,
            "user_data_base64": null,
            "user_data_replace_on_change": false,
            "volume_tags": null,
            "vpc_security_group_ids": [
              "sg-0ec3f9ae92a8a2b11"
            ]
          },
          "sensitive_attributes": [],
          "private": "eyJlMmJmYjczMC1lY2FhLTExZTYtOGY4OC0zNDM2M2JjN2M0YzAiOnsiY3JlYXRlIjo2MDAwMDAwMDAwMDAsImRlbGV0ZSI6MTIwMDAwMDAwMDAwMCwidXBkYXRlIjo2MDAwMDAwMDAwMDB9LCJzY2hlbWFfdmVyc2lvbiI6IjEifQ==",
          "dependencies": [
            "aws_key_pair.terra-key"
          ]
        }
      ]
    },
    {
      "mode": "managed",
      "type": "aws_key_pair",
      "name": "terra-key",
      "provider": "provider[\"registry.terraform.io/hashicorp/aws\"]",
      "instances": [
        {
          "schema_version": 1,
          "attributes": {
            "arn": "arn:aws:ec2:us-east-1:344894215568:key-pair/terrakey",
            "fingerprint": "ec:a3:6f:24:b6:8f:ec:ff:5c:b8:6d:27:7d:d1:06:91",
            "id": "terrakey",
            "key_name": "terrakey",
            "key_name_prefix": "",
            "key_pair_id": "key-072f081b87e48a978",
            "key_type": "rsa",
            "public_key": "ssh-rsa AAAAB3NzaC1yc2EAAAADAQABAAABgQC3KNb3yPFfr46Ha53FnSUWNVQuzQq08TELZdhiy2k1Uplv/EARWAqU9Rk9+sryRvJ16Fpzs6+FRhmi7Zs3yz7Rwnx4ThEWC1lk9dO2/E6uT9Bo56lSmpKeWXfqM0GsWCQqiv8r+qEjqa2OvKK1zYObegQsTYOD9krdQjZtXTaf0GNUtytaJi0ZI799uHiSUtbEv2l5NvberVLi+MCfyAf1dUHQQ5OavNMAasYEG4FmPRvJE65PY6ppRKisGRO3kY2a2aKUmpn7jlAaOChyWBepREwp8xPO0aSeOo8FNTyLEx8uqsaWAg0VpIudUQeFuv2noSA741yPqf4JM6BdXaDh166w6PyyPoTme0E/kfLCRXCtWwLUsm9b+e1YomHPv/eyrV7WT0lIlk39vVV33yXqAKky0C9MOcwQfLu4CQ5xHLydToDRTj647oVbJXvlHkGm1jEuH5WVgq5wm0Fhj0jziyxnJ7lYqWTDZELIeWvU/BCKGKJPnr6Xm1MEFRR5nUU= mukun@SyedNihal",
            "tags": null,
            "tags_all": {}
          },
          "sensitive_attributes": [],
          "private": "eyJzY2hlbWFfdmVyc2lvbiI6IjEifQ=="
        }
      ]
    }
  ]
}
